
Microsoft Visual Studio Solution File, Format Version 12.00
# Visual Studio Version 17
VisualStudioVersion = 17.6.33829.357
MinimumVisualStudioVersion = 10.0.40219.1
Project("{2150E333-8FDC-42A3-9474-1A3956D46DE8}") = "src", "src", "{FA2105A6-15E6-4A91-8F2E-BE918036871B}"
EndProject
Project("{2150E333-8FDC-42A3-9474-1A3956D46DE8}") = "test", "test", "{E3F7B8B5-6A03-4BAC-A0BB-45906D7A3177}"
EndProject
Project("{FAE04EC0-301F-11D3-BF4B-00C04F79EFBC}") = "Application", "Application\Application.csproj", "{14DACD89-E0A3-4156-BC3E-DBA64CA55824}"
EndProject
Project("{FAE04EC0-301F-11D3-BF4B-00C04F79EFBC}") = "Domain", "Domain\Domain.csproj", "{015FBA2E-798C-4425-92FA-BD97F8A7A44A}"
EndProject
Project("{FAE04EC0-301F-11D3-BF4B-00C04F79EFBC}") = "Infrastructure", "Infrastructure\Infrastructure.csproj", "{3A295B35-4F3A-45C7-AB79-ACFABA70BED7}"
EndProject
Project("{FAE04EC0-301F-11D3-BF4B-00C04F79EFBC}") = "Persistance", "Persistance\Persistance.csproj", "{D544ACC9-46D8-4D86-9113-CFAAF7A2FCCC}"
EndProject
Project("{FAE04EC0-301F-11D3-BF4B-00C04F79EFBC}") = "WebAPI", "WebAPI\WebAPI.csproj", "{31334C8F-F649-4188-BA9B-7967C8766AA6}"
EndProject
Project("{FAE04EC0-301F-11D3-BF4B-00C04F79EFBC}") = "Unit", "Unit\Unit.csproj", "{4A4B2017-EC3E-4E31-BF5B-0CCBB3719127}"
EndProject
Project("{2150E333-8FDC-42A3-9474-1A3956D46DE8}") = "Solution Items", "Solution Items", "{5C2F1EAD-BDDF-4AEA-BDA3-9FD868D2D6F3}"
	ProjectSection(SolutionItems) = preProject
		Makefile = Makefile
		Dockerfile = Dockerfile
		docker-compose.yaml = docker-compose.yaml
	EndProjectSection
EndProject
Global
	GlobalSection(SolutionConfigurationPlatforms) = preSolution
		Debug|Any CPU = Debug|Any CPU
		Release|Any CPU = Release|Any CPU
	EndGlobalSection
	GlobalSection(ProjectConfigurationPlatforms) = postSolution
		{14DACD89-E0A3-4156-BC3E-DBA64CA55824}.Debug|Any CPU.ActiveCfg = Debug|Any CPU
		{14DACD89-E0A3-4156-BC3E-DBA64CA55824}.Debug|Any CPU.Build.0 = Debug|Any CPU
		{14DACD89-E0A3-4156-BC3E-DBA64CA55824}.Release|Any CPU.ActiveCfg = Release|Any CPU
		{14DACD89-E0A3-4156-BC3E-DBA64CA55824}.Release|Any CPU.Build.0 = Release|Any CPU
		{015FBA2E-798C-4425-92FA-BD97F8A7A44A}.Debug|Any CPU.ActiveCfg = Debug|Any CPU
		{015FBA2E-798C-4425-92FA-BD97F8A7A44A}.Debug|Any CPU.Build.0 = Debug|Any CPU
		{015FBA2E-798C-4425-92FA-BD97F8A7A44A}.Release|Any CPU.ActiveCfg = Release|Any CPU
		{015FBA2E-798C-4425-92FA-BD97F8A7A44A}.Release|Any CPU.Build.0 = Release|Any CPU
		{3A295B35-4F3A-45C7-AB79-ACFABA70BED7}.Debug|Any CPU.ActiveCfg = Debug|Any CPU
		{3A295B35-4F3A-45C7-AB79-ACFABA70BED7}.Debug|Any CPU.Build.0 = Debug|Any CPU
		{3A295B35-4F3A-45C7-AB79-ACFABA70BED7}.Release|Any CPU.ActiveCfg = Release|Any CPU
		{3A295B35-4F3A-45C7-AB79-ACFABA70BED7}.Release|Any CPU.Build.0 = Release|Any CPU
		{D544ACC9-46D8-4D86-9113-CFAAF7A2FCCC}.Debug|Any CPU.ActiveCfg = Debug|Any CPU
		{D544ACC9-46D8-4D86-9113-CFAAF7A2FCCC}.Debug|Any CPU.Build.0 = Debug|Any CPU
		{D544ACC9-46D8-4D86-9113-CFAAF7A2FCCC}.Release|Any CPU.ActiveCfg = Release|Any CPU
		{D544ACC9-46D8-4D86-9113-CFAAF7A2FCCC}.Release|Any CPU.Build.0 = Release|Any CPU
		{31334C8F-F649-4188-BA9B-7967C8766AA6}.Debug|Any CPU.ActiveCfg = Debug|Any CPU
		{31334C8F-F649-4188-BA9B-7967C8766AA6}.Debug|Any CPU.Build.0 = Debug|Any CPU
		{31334C8F-F649-4188-BA9B-7967C8766AA6}.Release|Any CPU.ActiveCfg = Release|Any CPU
		{31334C8F-F649-4188-BA9B-7967C8766AA6}.Release|Any CPU.Build.0 = Release|Any CPU
		{4A4B2017-EC3E-4E31-BF5B-0CCBB3719127}.Debug|Any CPU.ActiveCfg = Debug|Any CPU
		{4A4B2017-EC3E-4E31-BF5B-0CCBB3719127}.Debug|Any CPU.Build.0 = Debug|Any CPU
		{4A4B2017-EC3E-4E31-BF5B-0CCBB3719127}.Release|Any CPU.ActiveCfg = Release|Any CPU
		{4A4B2017-EC3E-4E31-BF5B-0CCBB3719127}.Release|Any CPU.Build.0 = Release|Any CPU
	EndGlobalSection
	GlobalSection(SolutionProperties) = preSolution
		HideSolutionNode = FALSE
	EndGlobalSection
	GlobalSection(NestedProjects) = preSolution
		{14DACD89-E0A3-4156-BC3E-DBA64CA55824} = {FA2105A6-15E6-4A91-8F2E-BE918036871B}
		{015FBA2E-798C-4425-92FA-BD97F8A7A44A} = {FA2105A6-15E6-4A91-8F2E-BE918036871B}
		{3A295B35-4F3A-45C7-AB79-ACFABA70BED7} = {FA2105A6-15E6-4A91-8F2E-BE918036871B}
		{D544ACC9-46D8-4D86-9113-CFAAF7A2FCCC} = {FA2105A6-15E6-4A91-8F2E-BE918036871B}
		{31334C8F-F649-4188-BA9B-7967C8766AA6} = {FA2105A6-15E6-4A91-8F2E-BE918036871B}
		{4A4B2017-EC3E-4E31-BF5B-0CCBB3719127} = {E3F7B8B5-6A03-4BAC-A0BB-45906D7A3177}
	EndGlobalSection
	GlobalSection(ExtensibilityGlobals) = postSolution
		SolutionGuid = {8331931E-5B82-4E08-B174-288754D37D23}
	EndGlobalSection
EndGlobal
